# This file is automatically @generated by Poetry 2.1.2 and should not be changed by hand.

[[package]]
name = "asttokens"
version = "3.0.0"
description = "Annotate AST trees with source code positions"
optional = false
python-versions = ">=3.8"
groups = ["main"]
files = [
    {file = "asttokens-3.0.0-py3-none-any.whl", hash = "sha256:e3078351a059199dd5138cb1c706e6430c05eff2ff136af5eb4790f9d28932e2"},
    {file = "asttokens-3.0.0.tar.gz", hash = "sha256:0dcd8baa8d62b0c1d118b399b2ddba3c4aff271d0d7a9e0d4c1681c79035bbc7"},
]

[package.extras]
astroid = ["astroid (>=2,<4)"]
test = ["astroid (>=2,<4)", "pytest", "pytest-cov", "pytest-xdist"]

[[package]]
name = "colorama"
version = "0.4.6"
description = "Cross-platform colored terminal text."
optional = false
python-versions = "!=3.0.*,!=3.1.*,!=3.2.*,!=3.3.*,!=3.4.*,!=3.5.*,!=3.6.*,>=2.7"
groups = ["main"]
markers = "sys_platform == \"win32\""
files = [
    {file = "colorama-0.4.6-py2.py3-none-any.whl", hash = "sha256:4f1d9991f5acc0ca119f9d443620b77f9d6b33703e51011c16baf57afb285fc6"},
    {file = "colorama-0.4.6.tar.gz", hash = "sha256:08695f5cb7ed6e0531a20572697297273c47b8cae5a63ffc6d6ed5c201be6e44"},
]

[[package]]
name = "decorator"
version = "5.2.1"
description = "Decorators for Humans"
optional = false
python-versions = ">=3.8"
groups = ["main"]
files = [
    {file = "decorator-5.2.1-py3-none-any.whl", hash = "sha256:d316bb415a2d9e2d2b3abcc4084c6502fc09240e292cd76a76afc106a1c8e04a"},
    {file = "decorator-5.2.1.tar.gz", hash = "sha256:65f266143752f734b0a7cc83c46f4618af75b8c5911b00ccb61d0ac9b6da0360"},
]

[[package]]
name = "editdistpy"
version = "0.1.5"
description = "Fast Levenshtein and Damerau optimal string alignment algorithms."
optional = false
python-versions = ">=3.8"
groups = ["main"]
files = [
    {file = "editdistpy-0.1.5-cp310-cp310-macosx_10_9_x86_64.whl", hash = "sha256:aae02f5a88cd681acdffd84c2d1e2b116e70bd16061a31b9d048b82704bb74b5"},
    {file = "editdistpy-0.1.5-cp310-cp310-macosx_11_0_arm64.whl", hash = "sha256:ac82cd00b9d9e4d1c184f4b9d547ee00636f335510554e537ab55eba23054d95"},
    {file = "editdistpy-0.1.5-cp310-cp310-manylinux_2_5_x86_64.manylinux1_x86_64.manylinux_2_17_x86_64.manylinux2014_x86_64.whl", hash = "sha256:4d59ff81c31a485652669959d77e8b142d2379b9a390131d1fa52d757a24f4a8"},
    {file = "editdistpy-0.1.5-cp310-cp310-musllinux_1_2_x86_64.whl", hash = "sha256:a6005d80be4a04fdc33ba467e78e595b609c1bf0ca7e3094fc114cf31f457735"},
    {file = "editdistpy-0.1.5-cp310-cp310-win_amd64.whl", hash = "sha256:c0758911d188f582ac2cd2e8bd0f96fe89957ed1f191353f051678cc801a6705"},
    {file = "editdistpy-0.1.5-cp311-cp311-macosx_10_9_x86_64.whl", hash = "sha256:cd2f319f477ca8f4863da6e6820c0c9a94b379e980bd4d9181af3ed01aefb7eb"},
    {file = "editdistpy-0.1.5-cp311-cp311-macosx_11_0_arm64.whl", hash = "sha256:4b8d4b441be465e873557146dc6381aa46bb4868f9c85238583df24d85d149e0"},
    {file = "editdistpy-0.1.5-cp311-cp311-manylinux_2_5_x86_64.manylinux1_x86_64.manylinux_2_17_x86_64.manylinux2014_x86_64.whl", hash = "sha256:e4f031f3e44b05c884afa20fa7fc27ebbabf85c2f966ccbaf9ebb3b706fabeaf"},
    {file = "editdistpy-0.1.5-cp311-cp311-musllinux_1_2_x86_64.whl", hash = "sha256:02c5f73b6d1c28847b6840dd28cee9b7686d587464305c3a73ec1e1357610e21"},
    {file = "editdistpy-0.1.5-cp311-cp311-win_amd64.whl", hash = "sha256:38c52449f4f6e99fa55fd6e2b643f48827c60aec601475ec8f8eb7e557707f34"},
    {file = "editdistpy-0.1.5-cp312-cp312-macosx_10_9_x86_64.whl", hash = "sha256:69f8f062beb1f74b390d3e3968c3de1810dff35209c8c279b3e134c981e53dd5"},
    {file = "editdistpy-0.1.5-cp312-cp312-macosx_11_0_arm64.whl", hash = "sha256:d4bbcfd92ba9e3d0a40025d4e37dfb90ac3d5e92e3b75617020c1c04898551f2"},
    {file = "editdistpy-0.1.5-cp312-cp312-manylinux_2_5_x86_64.manylinux1_x86_64.manylinux_2_17_x86_64.manylinux2014_x86_64.whl", hash = "sha256:ea4473ab54e17954ed80fe3b9ffd763340e83033d6d9770e6f1962e4475af696"},
    {file = "editdistpy-0.1.5-cp312-cp312-musllinux_1_2_x86_64.whl", hash = "sha256:6bb84de9afdabf12f0de53d539050d7e1dae0f04c274d76d3b774e9cb9d48d18"},
    {file = "editdistpy-0.1.5-cp312-cp312-win_amd64.whl", hash = "sha256:ea1088d8c21b324d6e2472b926b49ff02895386f85b5992ee0213d728e3ed17b"},
    {file = "editdistpy-0.1.5-cp38-cp38-macosx_10_9_x86_64.whl", hash = "sha256:497e8e32ee9471a152ed91e3caa78f8e31765057409f7c9d4163b86fe70c3668"},
    {file = "editdistpy-0.1.5-cp38-cp38-macosx_11_0_arm64.whl", hash = "sha256:a3bf2be49aca44d61f878e67abe4938d12ad7b3e618f252cd3892ab688767301"},
    {file = "editdistpy-0.1.5-cp38-cp38-manylinux_2_5_x86_64.manylinux1_x86_64.manylinux_2_17_x86_64.manylinux2014_x86_64.whl", hash = "sha256:be0a79d60106c791a879c2beb95cbb4dac50354aba62ca5ba0ddad0ac3fac882"},
    {file = "editdistpy-0.1.5-cp38-cp38-musllinux_1_2_x86_64.whl", hash = "sha256:6baeb8e5cbc753520c930b6c782eb11303adc56fabfd950a42c48b4694d86b56"},
    {file = "editdistpy-0.1.5-cp38-cp38-win_amd64.whl", hash = "sha256:9e0a465a1fe3a1f283b27266f58d59942f1eebc7df0cbb441159e3b01f2d003d"},
    {file = "editdistpy-0.1.5-cp39-cp39-macosx_10_9_x86_64.whl", hash = "sha256:a41e186d8efc55597958cabdc965e8d52affbf842ec1be05f0fb094e4d0b5e20"},
    {file = "editdistpy-0.1.5-cp39-cp39-macosx_11_0_arm64.whl", hash = "sha256:2bd9179f89870dfa99c4fa6a56e5b597d32e7bd2d50dca24361b59de4f66efd0"},
    {file = "editdistpy-0.1.5-cp39-cp39-manylinux_2_5_x86_64.manylinux1_x86_64.manylinux_2_17_x86_64.manylinux2014_x86_64.whl", hash = "sha256:d7e4c0c94185a0795e8129ff60f7ecf0236ce72ec379396636d9c3efec30f35b"},
    {file = "editdistpy-0.1.5-cp39-cp39-musllinux_1_2_x86_64.whl", hash = "sha256:ddb71c05feac35afafc512fe78c824e9819b75afa428428f72493cec581b22bc"},
    {file = "editdistpy-0.1.5-cp39-cp39-win_amd64.whl", hash = "sha256:52be9b0cb1af02bd9b58b4d0bab4662cceb27149189a8ade954fcfea80ac23d1"},
    {file = "editdistpy-0.1.5.tar.gz", hash = "sha256:f594d5e96c5d6674aed1d5119911f0d3210f46f3c68d28de640adce2fe3d39f9"},
]

[[package]]
name = "executing"
version = "2.2.0"
description = "Get the currently executing AST node of a frame, and other information"
optional = false
python-versions = ">=3.8"
groups = ["main"]
files = [
    {file = "executing-2.2.0-py2.py3-none-any.whl", hash = "sha256:11387150cad388d62750327a53d3339fad4888b39a6fe233c3afbb54ecffd3aa"},
    {file = "executing-2.2.0.tar.gz", hash = "sha256:5d108c028108fe2551d1a7b2e8b713341e2cb4fc0aa7dcf966fa4327a5226755"},
]

[package.extras]
tests = ["asttokens (>=2.1.0)", "coverage", "coverage-enable-subprocess", "ipython", "littleutils", "pytest", "rich ; python_version >= \"3.11\""]

[[package]]
name = "ipython"
version = "9.2.0"
description = "IPython: Productive Interactive Computing"
optional = false
python-versions = ">=3.11"
groups = ["main"]
files = [
    {file = "ipython-9.2.0-py3-none-any.whl", hash = "sha256:fef5e33c4a1ae0759e0bba5917c9db4eb8c53fee917b6a526bd973e1ca5159f6"},
    {file = "ipython-9.2.0.tar.gz", hash = "sha256:62a9373dbc12f28f9feaf4700d052195bf89806279fc8ca11f3f54017d04751b"},
]

[package.dependencies]
colorama = {version = "*", markers = "sys_platform == \"win32\""}
decorator = "*"
ipython-pygments-lexers = "*"
jedi = ">=0.16"
matplotlib-inline = "*"
pexpect = {version = ">4.3", markers = "sys_platform != \"win32\" and sys_platform != \"emscripten\""}
prompt_toolkit = ">=3.0.41,<3.1.0"
pygments = ">=2.4.0"
stack_data = "*"
traitlets = ">=5.13.0"

[package.extras]
all = ["ipython[doc,matplotlib,test,test-extra]"]
black = ["black"]
doc = ["docrepr", "exceptiongroup", "intersphinx_registry", "ipykernel", "ipython[test]", "matplotlib", "setuptools (>=18.5)", "sphinx (>=1.3)", "sphinx-rtd-theme", "sphinx_toml (==0.0.4)", "typing_extensions"]
matplotlib = ["matplotlib"]
test = ["packaging", "pytest", "pytest-asyncio (<0.22)", "testpath"]
test-extra = ["curio", "ipykernel", "ipython[test]", "jupyter_ai", "matplotlib (!=3.2.0)", "nbclient", "nbformat", "numpy (>=1.23)", "pandas", "trio"]

[[package]]
name = "ipython-pygments-lexers"
version = "1.1.1"
description = "Defines a variety of Pygments lexers for highlighting IPython code."
optional = false
python-versions = ">=3.8"
groups = ["main"]
files = [
    {file = "ipython_pygments_lexers-1.1.1-py3-none-any.whl", hash = "sha256:a9462224a505ade19a605f71f8fa63c2048833ce50abc86768a0d81d876dc81c"},
    {file = "ipython_pygments_lexers-1.1.1.tar.gz", hash = "sha256:09c0138009e56b6854f9535736f4171d855c8c08a563a0dcd8022f78355c7e81"},
]

[package.dependencies]
pygments = "*"

[[package]]
name = "jedi"
version = "0.19.2"
description = "An autocompletion tool for Python that can be used for text editors."
optional = false
python-versions = ">=3.6"
groups = ["main"]
files = [
    {file = "jedi-0.19.2-py2.py3-none-any.whl", hash = "sha256:a8ef22bde8490f57fe5c7681a3c83cb58874daf72b4784de3cce5b6ef6edb5b9"},
    {file = "jedi-0.19.2.tar.gz", hash = "sha256:4770dc3de41bde3966b02eb84fbcf557fb33cce26ad23da12c742fb50ecb11f0"},
]

[package.dependencies]
parso = ">=0.8.4,<0.9.0"

[package.extras]
docs = ["Jinja2 (==2.11.3)", "MarkupSafe (==1.1.1)", "Pygments (==2.8.1)", "alabaster (==0.7.12)", "babel (==2.9.1)", "chardet (==4.0.0)", "commonmark (==0.8.1)", "docutils (==0.17.1)", "future (==0.18.2)", "idna (==2.10)", "imagesize (==1.2.0)", "mock (==1.0.1)", "packaging (==20.9)", "pyparsing (==2.4.7)", "pytz (==2021.1)", "readthedocs-sphinx-ext (==2.1.4)", "recommonmark (==0.5.0)", "requests (==2.25.1)", "six (==1.15.0)", "snowballstemmer (==2.1.0)", "sphinx (==1.8.5)", "sphinx-rtd-theme (==0.4.3)", "sphinxcontrib-serializinghtml (==1.1.4)", "sphinxcontrib-websupport (==1.2.4)", "urllib3 (==1.26.4)"]
qa = ["flake8 (==5.0.4)", "mypy (==0.971)", "types-setuptools (==67.2.0.1)"]
testing = ["Django", "attrs", "colorama", "docopt", "pytest (<9.0.0)"]

[[package]]
name = "matplotlib-inline"
version = "0.1.7"
description = "Inline Matplotlib backend for Jupyter"
optional = false
python-versions = ">=3.8"
groups = ["main"]
files = [
    {file = "matplotlib_inline-0.1.7-py3-none-any.whl", hash = "sha256:df192d39a4ff8f21b1895d72e6a13f5fcc5099f00fa84384e0ea28c2cc0653ca"},
    {file = "matplotlib_inline-0.1.7.tar.gz", hash = "sha256:8423b23ec666be3d16e16b60bdd8ac4e86e840ebd1dd11a30b9f117f2fa0ab90"},
]

[package.dependencies]
traitlets = "*"

[[package]]
name = "parso"
version = "0.8.4"
description = "A Python Parser"
optional = false
python-versions = ">=3.6"
groups = ["main"]
files = [
    {file = "parso-0.8.4-py2.py3-none-any.whl", hash = "sha256:a418670a20291dacd2dddc80c377c5c3791378ee1e8d12bffc35420643d43f18"},
    {file = "parso-0.8.4.tar.gz", hash = "sha256:eb3a7b58240fb99099a345571deecc0f9540ea5f4dd2fe14c2a99d6b281ab92d"},
]

[package.extras]
qa = ["flake8 (==5.0.4)", "mypy (==0.971)", "types-setuptools (==67.2.0.1)"]
testing = ["docopt", "pytest"]

[[package]]
name = "pexpect"
version = "4.9.0"
description = "Pexpect allows easy control of interactive console applications."
optional = false
python-versions = "*"
groups = ["main"]
markers = "sys_platform != \"win32\" and sys_platform != \"emscripten\""
files = [
    {file = "pexpect-4.9.0-py2.py3-none-any.whl", hash = "sha256:7236d1e080e4936be2dc3e326cec0af72acf9212a7e1d060210e70a47e253523"},
    {file = "pexpect-4.9.0.tar.gz", hash = "sha256:ee7d41123f3c9911050ea2c2dac107568dc43b2d3b0c7557a33212c398ead30f"},
]

[package.dependencies]
ptyprocess = ">=0.5"

[[package]]
name = "prompt-toolkit"
version = "3.0.51"
description = "Library for building powerful interactive command lines in Python"
optional = false
python-versions = ">=3.8"
groups = ["main"]
files = [
    {file = "prompt_toolkit-3.0.51-py3-none-any.whl", hash = "sha256:52742911fde84e2d423e2f9a4cf1de7d7ac4e51958f648d9540e0fb8db077b07"},
    {file = "prompt_toolkit-3.0.51.tar.gz", hash = "sha256:931a162e3b27fc90c86f1b48bb1fb2c528c2761475e57c9c06de13311c7b54ed"},
]

[package.dependencies]
wcwidth = "*"

[[package]]
name = "ptyprocess"
version = "0.7.0"
description = "Run a subprocess in a pseudo terminal"
optional = false
python-versions = "*"
groups = ["main"]
markers = "sys_platform != \"win32\" and sys_platform != \"emscripten\""
files = [
    {file = "ptyprocess-0.7.0-py2.py3-none-any.whl", hash = "sha256:4b41f3967fce3af57cc7e94b888626c18bf37a083e3651ca8feeb66d492fef35"},
    {file = "ptyprocess-0.7.0.tar.gz", hash = "sha256:5c5d0a3b48ceee0b48485e0c26037c0acd7d29765ca3fbb5cb3831d347423220"},
]

[[package]]
name = "pure-eval"
version = "0.2.3"
description = "Safely evaluate AST nodes without side effects"
optional = false
python-versions = "*"
groups = ["main"]
files = [
    {file = "pure_eval-0.2.3-py3-none-any.whl", hash = "sha256:1db8e35b67b3d218d818ae653e27f06c3aa420901fa7b081ca98cbedc874e0d0"},
    {file = "pure_eval-0.2.3.tar.gz", hash = "sha256:5f4e983f40564c576c7c8635ae88db5956bb2229d7e9237d03b3c0b0190eaf42"},
]

[package.extras]
tests = ["pytest"]

[[package]]
name = "pygments"
version = "2.19.1"
description = "Pygments is a syntax highlighting package written in Python."
optional = false
python-versions = ">=3.8"
groups = ["main"]
files = [
    {file = "pygments-2.19.1-py3-none-any.whl", hash = "sha256:9ea1544ad55cecf4b8242fab6dd35a93bbce657034b0611ee383099054ab6d8c"},
    {file = "pygments-2.19.1.tar.gz", hash = "sha256:61c16d2a8576dc0649d9f39e089b5f02bcd27fba10d8fb4dcc28173f7a45151f"},
]

[package.extras]
windows-terminal = ["colorama (>=0.4.6)"]

[[package]]
name = "pyobjc-core"
version = "11.0"
description = "Python<->ObjC Interoperability Module"
optional = false
python-versions = ">=3.8"
groups = ["main"]
files = [
    {file = "pyobjc_core-11.0-cp310-cp310-macosx_10_9_universal2.whl", hash = "sha256:10866b3a734d47caf48e456eea0d4815c2c9b21856157db5917b61dee06893a1"},
    {file = "pyobjc_core-11.0-cp311-cp311-macosx_10_9_universal2.whl", hash = "sha256:50675c0bb8696fe960a28466f9baf6943df2928a1fd85625d678fa2f428bd0bd"},
    {file = "pyobjc_core-11.0-cp312-cp312-macosx_10_13_universal2.whl", hash = "sha256:a03061d4955c62ddd7754224a80cdadfdf17b6b5f60df1d9169a3b1b02923f0b"},
    {file = "pyobjc_core-11.0-cp313-cp313-macosx_10_13_universal2.whl", hash = "sha256:c338c1deb7ab2e9436d4175d1127da2eeed4a1b564b3d83b9f3ae4844ba97e86"},
    {file = "pyobjc_core-11.0-cp313-cp313t-macosx_10_13_universal2.whl", hash = "sha256:b4e9dc4296110f251a4033ff3f40320b35873ea7f876bd29a1c9705bb5e08c59"},
    {file = "pyobjc_core-11.0-cp39-cp39-macosx_10_9_universal2.whl", hash = "sha256:02406ece449d0f41b31e579e47ca77ced3eb57533df955281bfcecc99da74fba"},
    {file = "pyobjc_core-11.0.tar.gz", hash = "sha256:63bced211cb8a8fb5c8ff46473603da30e51112861bd02c438fbbbc8578d9a70"},
]

[[package]]
name = "pyobjc-framework-cocoa"
version = "11.0"
description = "Wrappers for the Cocoa frameworks on macOS"
optional = false
python-versions = ">=3.9"
groups = ["main"]
files = [
    {file = "pyobjc_framework_Cocoa-11.0-cp310-cp310-macosx_10_9_universal2.whl", hash = "sha256:fbc65f260d617d5463c7fb9dbaaffc23c9a4fabfe3b1a50b039b61870b8daefd"},
    {file = "pyobjc_framework_Cocoa-11.0-cp311-cp311-macosx_10_9_universal2.whl", hash = "sha256:3ea7be6e6dd801b297440de02d312ba3fa7fd3c322db747ae1cb237e975f5d33"},
    {file = "pyobjc_framework_Cocoa-11.0-cp312-cp312-macosx_10_13_universal2.whl", hash = "sha256:280a577b83c68175a28b2b7138d1d2d3111f2b2b66c30e86f81a19c2b02eae71"},
    {file = "pyobjc_framework_Cocoa-11.0-cp313-cp313-macosx_10_13_universal2.whl", hash = "sha256:15b2bd977ed340074f930f1330f03d42912d5882b697d78bd06f8ebe263ef92e"},
    {file = "pyobjc_framework_Cocoa-11.0-cp313-cp313t-macosx_10_13_universal2.whl", hash = "sha256:5750001db544e67f2b66f02067d8f0da96bb2ef71732bde104f01b8628f9d7ea"},
    {file = "pyobjc_framework_Cocoa-11.0-cp39-cp39-macosx_10_9_universal2.whl", hash = "sha256:ddff25b0755d59873d186e1e07d6aaddb19d55e3ae890d69ff2d9babf8627657"},
    {file = "pyobjc_framework_cocoa-11.0.tar.gz", hash = "sha256:00346a8cb81ad7b017b32ff7bf596000f9faa905807b1bd234644ebd47f692c5"},
]

[package.dependencies]
pyobjc-core = ">=11.0"

[[package]]
name = "pyobjc-framework-coreml"
version = "11.0"
description = "Wrappers for the framework CoreML on macOS"
optional = false
python-versions = ">=3.9"
groups = ["main"]
files = [
    {file = "pyobjc_framework_CoreML-11.0-cp310-cp310-macosx_10_9_universal2.whl", hash = "sha256:87991c6ed2510e9143b5d200a946cb1f1396e321ccd4b8b22a32616333b1cf32"},
    {file = "pyobjc_framework_CoreML-11.0-cp311-cp311-macosx_10_9_universal2.whl", hash = "sha256:e290ad9c0ac5f057ce3885d35e33fadc115f59111f2e04f168c45e2890cb86e8"},
    {file = "pyobjc_framework_CoreML-11.0-cp312-cp312-macosx_10_13_universal2.whl", hash = "sha256:48320a57589634c206d659799284a5133aaa006cf4562f772697df5b479043e4"},
    {file = "pyobjc_framework_CoreML-11.0-cp313-cp313-macosx_10_13_universal2.whl", hash = "sha256:cc73c6a2a3dd4181b679c12b83066e3a36e9b4213626821633f87ce5be4ad29d"},
    {file = "pyobjc_framework_CoreML-11.0-cp313-cp313t-macosx_10_13_universal2.whl", hash = "sha256:45fd15a483f9c4c408da005e3b2816a71112050de2a666cb9a4de20518eb3aca"},
    {file = "pyobjc_framework_CoreML-11.0-cp39-cp39-macosx_10_9_universal2.whl", hash = "sha256:9359e87e7f15c9db418be4a4bbbe2c4e70bf535599e92966432f91bd94ff5154"},
    {file = "pyobjc_framework_coreml-11.0.tar.gz", hash = "sha256:143a1f73a0ea0a0ea103f3175cb87a61bbcb98f70f85320ed4c61302b9156d58"},
]

[package.dependencies]
pyobjc-core = ">=11.0"
pyobjc-framework-Cocoa = ">=11.0"

[[package]]
name = "pyobjc-framework-quartz"
version = "11.0"
description = "Wrappers for the Quartz frameworks on macOS"
optional = false
python-versions = ">=3.9"
groups = ["main"]
files = [
    {file = "pyobjc_framework_Quartz-11.0-cp310-cp310-macosx_10_9_universal2.whl", hash = "sha256:da3ab13c9f92361959b41b0ad4cdd41ae872f90a6d8c58a9ed699bc08ab1c45c"},
    {file = "pyobjc_framework_Quartz-11.0-cp311-cp311-macosx_10_9_universal2.whl", hash = "sha256:d251696bfd8e8ef72fbc90eb29fec95cb9d1cc409008a183d5cc3246130ae8c2"},
    {file = "pyobjc_framework_Quartz-11.0-cp312-cp312-macosx_10_13_universal2.whl", hash = "sha256:cb4a9f2d9d580ea15e25e6b270f47681afb5689cafc9e25712445ce715bcd18e"},
    {file = "pyobjc_framework_Quartz-11.0-cp313-cp313-macosx_10_13_universal2.whl", hash = "sha256:973b4f9b8ab844574461a038bd5269f425a7368d6e677e3cc81fcc9b27b65498"},
    {file = "pyobjc_framework_Quartz-11.0-cp313-cp313t-macosx_10_13_universal2.whl", hash = "sha256:66ab58d65348863b8707e63b2ec5cdc54569ee8189d1af90d52f29f5fdf6272c"},
    {file = "pyobjc_framework_Quartz-11.0-cp39-cp39-macosx_10_9_universal2.whl", hash = "sha256:1032f63f2a4ee98366764e69c249f1d93813821e17d224cf626cf11fb1801fc4"},
    {file = "pyobjc_framework_quartz-11.0.tar.gz", hash = "sha256:3205bf7795fb9ae34747f701486b3db6dfac71924894d1f372977c4d70c3c619"},
]

[package.dependencies]
pyobjc-core = ">=11.0"
pyobjc-framework-Cocoa = ">=11.0"

[[package]]
name = "pyobjc-framework-vision"
version = "11.0"
description = "Wrappers for the framework Vision on macOS"
optional = false
python-versions = ">=3.9"
groups = ["main"]
files = [
    {file = "pyobjc_framework_Vision-11.0-cp310-cp310-macosx_10_9_universal2.whl", hash = "sha256:a6707adc9df3510686c18d4f2a6d8df234c347329edb12793459867163a61c42"},
    {file = "pyobjc_framework_Vision-11.0-cp311-cp311-macosx_10_9_universal2.whl", hash = "sha256:ca7cc48332d804a02b5b17f31bed52dd4b7c323f9e4ff4b4e7ecd35d39cc0759"},
    {file = "pyobjc_framework_Vision-11.0-cp312-cp312-macosx_10_13_universal2.whl", hash = "sha256:1b07aa867dda47d2a4883cd969e248039988b49190ba097cbe9747156b5d1f30"},
    {file = "pyobjc_framework_Vision-11.0-cp313-cp313-macosx_10_13_universal2.whl", hash = "sha256:b2fd9088d91d950b2127e98785b3d4c6b55516bf733af7cab4b30950571d32be"},
    {file = "pyobjc_framework_Vision-11.0-cp313-cp313t-macosx_10_13_universal2.whl", hash = "sha256:9821d930025d0c084a83ed216751d5b4f022cb4a47d42440b1c6766d8952620d"},
    {file = "pyobjc_framework_Vision-11.0-cp39-cp39-macosx_10_9_universal2.whl", hash = "sha256:8b33f365741b92d840820c3fb0ef463a8a384dcc73a85cd6033a8d5bfd158655"},
    {file = "pyobjc_framework_vision-11.0.tar.gz", hash = "sha256:45342e5253c306dbcd056a68bff04ffbfa00e9ac300a02aabf2e81053b771e39"},
]

[package.dependencies]
pyobjc-core = ">=11.0"
pyobjc-framework-Cocoa = ">=11.0"
pyobjc-framework-CoreML = ">=11.0"
pyobjc-framework-Quartz = ">=11.0"

[[package]]
name = "stack-data"
version = "0.6.3"
description = "Extract data from python stack frames and tracebacks for informative displays"
optional = false
python-versions = "*"
groups = ["main"]
files = [
    {file = "stack_data-0.6.3-py3-none-any.whl", hash = "sha256:d5558e0c25a4cb0853cddad3d77da9891a08cb85dd9f9f91b9f8cd66e511e695"},
    {file = "stack_data-0.6.3.tar.gz", hash = "sha256:836a778de4fec4dcd1dcd89ed8abff8a221f58308462e1c4aa2a3cf30148f0b9"},
]

[package.dependencies]
asttokens = ">=2.1.0"
executing = ">=1.2.0"
pure-eval = "*"

[package.extras]
tests = ["cython", "littleutils", "pygments", "pytest", "typeguard"]

[[package]]
name = "symspellpy"
version = "6.9.0"
description = "Python SymSpell"
optional = false
python-versions = ">=3.9"
groups = ["main"]
files = [
    {file = "symspellpy-6.9.0-py3-none-any.whl", hash = "sha256:b6dba96275fdbedc240491854160bbe596dda930f2d58567ad55faf82a4e4b43"},
    {file = "symspellpy-6.9.0.tar.gz", hash = "sha256:5ce8cb8a13e531db03f664407abc9e42e272f16bab7c0639500a8bdd07eee482"},
]

[package.dependencies]
editdistpy = ">=0.1.3"

[[package]]
name = "traitlets"
version = "5.14.3"
description = "Traitlets Python configuration system"
optional = false
python-versions = ">=3.8"
groups = ["main"]
files = [
    {file = "traitlets-5.14.3-py3-none-any.whl", hash = "sha256:b74e89e397b1ed28cc831db7aea759ba6640cb3de13090ca145426688ff1ac4f"},
    {file = "traitlets-5.14.3.tar.gz", hash = "sha256:9ed0579d3502c94b4b3732ac120375cda96f923114522847de4b3bb98b96b6b7"},
]

[package.extras]
docs = ["myst-parser", "pydata-sphinx-theme", "sphinx"]
test = ["argcomplete (>=3.0.3)", "mypy (>=1.7.0)", "pre-commit", "pytest (>=7.0,<8.2)", "pytest-mock", "pytest-mypy-testing"]

[[package]]
name = "wcwidth"
version = "0.2.13"
description = "Measures the displayed width of unicode strings in a terminal"
optional = false
python-versions = "*"
groups = ["main"]
files = [
    {file = "wcwidth-0.2.13-py2.py3-none-any.whl", hash = "sha256:3da69048e4540d84af32131829ff948f1e022c1c6bdb8d6102117aac784f6859"},
    {file = "wcwidth-0.2.13.tar.gz", hash = "sha256:72ea0c06399eb286d978fdedb6923a9eb47e1c486ce63e9b4e64fc18303972b5"},
]

[metadata]
lock-version = "2.1"
python-versions = ">=3.12"
content-hash = "c4725704586a08e15b2d6757a347217a6a5ef947b25b027ae64278d7a26a4164"
